{
  "version": "5",
  "specifiers": {
    "jsr:@kjanat/dreamcli@^2.4.1": "2.4.1",
    "jsr:@kjanat/tree-sitter-recipe@~0.3.1": "0.3.1",
    "npm:vscode-oniguruma@^2.0.1": "2.0.1",
    "npm:vscode-textmate@^9.3.2": "9.3.2"
  },
  "jsr": {
    "@kjanat/dreamcli@2.4.1": {
      "integrity": "d61650e35a6c8077ad21b2753153472ee114f1d0c449ee256959fe8b61ccec20"
    },
    "@kjanat/tree-sitter-recipe@0.3.1": {
      "integrity": "8234475f61ea983cfb9c22d750e84b83a65ad1fba3e117341a9e1b1dcfc8b819"
    }
  },
  "npm": {
    "vscode-oniguruma@2.0.1": {
      "integrity": "sha512-poJU8iHIWnC3vgphJnrLZyI3YdqRlR27xzqDmpPXYzA93R4Gk8z7T6oqDzDoHjoikA2aS82crdXFkjELCdJsjQ=="
    },
    "vscode-textmate@9.3.2": {
      "integrity": "sha512-n2uGbUcrjhUEBH16uGA0TvUfhWwliFZ1e3+pTjrkim1Mt7ydB41lV08aUvsi70OlzDWp6X7Bx3w/x3fAXIsN0Q=="
    }
  },
  "workspace": {
    "dependencies": [
      "jsr:@kjanat/dreamcli@^2.4.1",
      "jsr:@kjanat/tree-sitter-recipe@~0.3.1",
      "npm:vscode-oniguruma@^2.0.1",
      "npm:vscode-textmate@^9.3.2"
    ]
  }
}
